// !$*UTF8*$!
{
	archiveVersion = 1;
	classes = {
	};
	objectVersion = 46;
	objects = {

/* Begin PBXBuildFile section */
		1E9482782092099B00B5F82C /* AppDelegate.m in Sources */ = {isa = PBXBuildFile; fileRef = 1E9482772092099B00B5F82C /* AppDelegate.m */; };
		1E94827B2092099C00B5F82C /* ViewController.m in Sources */ = {isa = PBXBuildFile; fileRef = 1E94827A2092099C00B5F82C /* ViewController.m */; };
		1E94827E2092099C00B5F82C /* Main.storyboard in Resources */ = {isa = PBXBuildFile; fileRef = 1E94827C2092099C00B5F82C /* Main.storyboard */; };
		1E9482802092099C00B5F82C /* Assets.xcassets in Resources */ = {isa = PBXBuildFile; fileRef = 1E94827F2092099C00B5F82C /* Assets.xcassets */; };
		1E9482832092099C00B5F82C /* LaunchScreen.storyboard in Resources */ = {isa = PBXBuildFile; fileRef = 1E9482812092099C00B5F82C /* LaunchScreen.storyboard */; };
		1E9482862092099C00B5F82C /* main.m in Sources */ = {isa = PBXBuildFile; fileRef = 1E9482852092099C00B5F82C /* main.m */; };
		1E9482902092099C00B5F82C /* SPURLRouterTests.m in Sources */ = {isa = PBXBuildFile; fileRef = 1E94828F2092099C00B5F82C /* SPURLRouterTests.m */; };
		1E94829B2092099C00B5F82C /* SPURLRouterUITests.m in Sources */ = {isa = PBXBuildFile; fileRef = 1E94829A2092099C00B5F82C /* SPURLRouterUITests.m */; };
		1E9482AB20920B9F00B5F82C /* SPURLRouter.m in Sources */ = {isa = PBXBuildFile; fileRef = 1E9482AA20920B9F00B5F82C /* SPURLRouter.m */; };
		1E9482AD20920DAB00B5F82C /* open_url.plist in Resources */ = {isa = PBXBuildFile; fileRef = 1E9482AC20920DAB00B5F82C /* open_url.plist */; };
		1E9482B720920DC300B5F82C /* LoginVC.m in Sources */ = {isa = PBXBuildFile; fileRef = 1E9482AF20920DC300B5F82C /* LoginVC.m */; };
		1E9482B820920DC300B5F82C /* OldLoginVC.m in Sources */ = {isa = PBXBuildFile; fileRef = 1E9482B020920DC300B5F82C /* OldLoginVC.m */; };
		1E9482B920920DC300B5F82C /* RegisterVC.m in Sources */ = {isa = PBXBuildFile; fileRef = 1E9482B120920DC300B5F82C /* RegisterVC.m */; };
		1E9482BA20920DC300B5F82C /* SPUser.m in Sources */ = {isa = PBXBuildFile; fileRef = 1E9482B520920DC300B5F82C /* SPUser.m */; };
		7B752C9777475AB0AF0B22CD /* libPods-SPURLRouter.a in Frameworks */ = {isa = PBXBuildFile; fileRef = 5381215A441968A77FB33197 /* libPods-SPURLRouter.a */; };
/* End PBXBuildFile section */

/* Begin PBXContainerItemProxy section */
		1E94828C2092099C00B5F82C /* PBXContainerItemProxy */ = {
			isa = PBXContainerItemProxy;
			containerPortal = 1E94826B2092099B00B5F82C /* Project object */;
			proxyType = 1;
			remoteGlobalIDString = 1E9482722092099B00B5F82C;
			remoteInfo = SPURLRouter;
		};
		1E9482972092099C00B5F82C /* PBXContainerItemProxy */ = {
			isa = PBXContainerItemProxy;
			containerPortal = 1E94826B2092099B00B5F82C /* Project object */;
			proxyType = 1;
			remoteGlobalIDString = 1E9482722092099B00B5F82C;
			remoteInfo = SPURLRouter;
		};
/* End PBXContainerItemProxy section */

/* Begin PBXFileReference section */
		1E9482732092099B00B5F82C /* SPURLRouter.app */ = {isa = PBXFileReference; explicitFileType = wrapper.application; includeInIndex = 0; path = SPURLRouter.app; sourceTree = BUILT_PRODUCTS_DIR; };
		1E9482762092099B00B5F82C /* AppDelegate.h */ = {isa = PBXFileReference; lastKnownFileType = sourcecode.c.h; path = AppDelegate.h; sourceTree = "<group>"; };
		1E9482772092099B00B5F82C /* AppDelegate.m */ = {isa = PBXFileReference; lastKnownFileType = sourcecode.c.objc; path = AppDelegate.m; sourceTree = "<group>"; };
		1E9482792092099C00B5F82C /* ViewController.h */ = {isa = PBXFileReference; lastKnownFileType = sourcecode.c.h; path = ViewController.h; sourceTree = "<group>"; };
		1E94827A2092099C00B5F82C /* ViewController.m */ = {isa = PBXFileReference; lastKnownFileType = sourcecode.c.objc; path = ViewController.m; sourceTree = "<group>"; };
		1E94827D2092099C00B5F82C /* Base */ = {isa = PBXFileReference; lastKnownFileType = file.storyboard; name = Base; path = Base.lproj/Main.storyboard; sourceTree = "<group>"; };
		1E94827F2092099C00B5F82C /* Assets.xcassets */ = {isa = PBXFileReference; lastKnownFileType = folder.assetcatalog; path = Assets.xcassets; sourceTree = "<group>"; };
		1E9482822092099C00B5F82C /* Base */ = {isa = PBXFileReference; lastKnownFileType = file.storyboard; name = Base; path = Base.lproj/LaunchScreen.storyboard; sourceTree = "<group>"; };
		1E9482842092099C00B5F82C /* Info.plist */ = {isa = PBXFileReference; lastKnownFileType = text.plist.xml; path = Info.plist; sourceTree = "<group>"; };
		1E9482852092099C00B5F82C /* main.m */ = {isa = PBXFileReference; lastKnownFileType = sourcecode.c.objc; path = main.m; sourceTree = "<group>"; };
		1E94828B2092099C00B5F82C /* SPURLRouterTests.xctest */ = {isa = PBXFileReference; explicitFileType = wrapper.cfbundle; includeInIndex = 0; path = SPURLRouterTests.xctest; sourceTree = BUILT_PRODUCTS_DIR; };
		1E94828F2092099C00B5F82C /* SPURLRouterTests.m */ = {isa = PBXFileReference; lastKnownFileType = sourcecode.c.objc; path = SPURLRouterTests.m; sourceTree = "<group>"; };
		1E9482912092099C00B5F82C /* Info.plist */ = {isa = PBXFileReference; lastKnownFileType = text.plist.xml; path = Info.plist; sourceTree = "<group>"; };
		1E9482962092099C00B5F82C /* SPURLRouterUITests.xctest */ = {isa = PBXFileReference; explicitFileType = wrapper.cfbundle; includeInIndex = 0; path = SPURLRouterUITests.xctest; sourceTree = BUILT_PRODUCTS_DIR; };
		1E94829A2092099C00B5F82C /* SPURLRouterUITests.m */ = {isa = PBXFileReference; lastKnownFileType = sourcecode.c.objc; path = SPURLRouterUITests.m; sourceTree = "<group>"; };
		1E94829C2092099C00B5F82C /* Info.plist */ = {isa = PBXFileReference; lastKnownFileType = text.plist.xml; path = Info.plist; sourceTree = "<group>"; };
		1E9482A920920B9F00B5F82C /* SPURLRouter.h */ = {isa = PBXFileReference; fileEncoding = 4; lastKnownFileType = sourcecode.c.h; path = SPURLRouter.h; sourceTree = "<group>"; };
		1E9482AA20920B9F00B5F82C /* SPURLRouter.m */ = {isa = PBXFileReference; fileEncoding = 4; lastKnownFileType = sourcecode.c.objc; path = SPURLRouter.m; sourceTree = "<group>"; };
		1E9482AC20920DAB00B5F82C /* open_url.plist */ = {isa = PBXFileReference; fileEncoding = 4; lastKnownFileType = text.plist.xml; path = open_url.plist; sourceTree = "<group>"; };
		1E9482AF20920DC300B5F82C /* LoginVC.m */ = {isa = PBXFileReference; fileEncoding = 4; lastKnownFileType = sourcecode.c.objc; path = LoginVC.m; sourceTree = "<group>"; };
		1E9482B020920DC300B5F82C /* OldLoginVC.m */ = {isa = PBXFileReference; fileEncoding = 4; lastKnownFileType = sourcecode.c.objc; path = OldLoginVC.m; sourceTree = "<group>"; };
		1E9482B120920DC300B5F82C /* RegisterVC.m */ = {isa = PBXFileReference; fileEncoding = 4; lastKnownFileType = sourcecode.c.objc; path = RegisterVC.m; sourceTree = "<group>"; };
		1E9482B220920DC300B5F82C /* SPUser.h */ = {isa = PBXFileReference; fileEncoding = 4; lastKnownFileType = sourcecode.c.h; path = SPUser.h; sourceTree = "<group>"; };
		1E9482B320920DC300B5F82C /* LoginVC.h */ = {isa = PBXFileReference; fileEncoding = 4; lastKnownFileType = sourcecode.c.h; path = LoginVC.h; sourceTree = "<group>"; };
		1E9482B420920DC300B5F82C /* OldLoginVC.h */ = {isa = PBXFileReference; fileEncoding = 4; lastKnownFileType = sourcecode.c.h; path = OldLoginVC.h; sourceTree = "<group>"; };
		1E9482B520920DC300B5F82C /* SPUser.m */ = {isa = PBXFileReference; fileEncoding = 4; lastKnownFileType = sourcecode.c.objc; path = SPUser.m; sourceTree = "<group>"; };
		1E9482B620920DC300B5F82C /* RegisterVC.h */ = {isa = PBXFileReference; fileEncoding = 4; lastKnownFileType = sourcecode.c.h; path = RegisterVC.h; sourceTree = "<group>"; };
		285732779A5B3BAA8D46AC57 /* Pods-SPURLRouter.debug.xcconfig */ = {isa = PBXFileReference; includeInIndex = 1; lastKnownFileType = text.xcconfig; name = "Pods-SPURLRouter.debug.xcconfig"; path = "Pods/Target Support Files/Pods-SPURLRouter/Pods-SPURLRouter.debug.xcconfig"; sourceTree = "<group>"; };
		52B26B9315D9DEDEE772876C /* Pods-SPURLRouter.release.xcconfig */ = {isa = PBXFileReference; includeInIndex = 1; lastKnownFileType = text.xcconfig; name = "Pods-SPURLRouter.release.xcconfig"; path = "Pods/Target Support Files/Pods-SPURLRouter/Pods-SPURLRouter.release.xcconfig"; sourceTree = "<group>"; };
		5381215A441968A77FB33197 /* libPods-SPURLRouter.a */ = {isa = PBXFileReference; explicitFileType = archive.ar; includeInIndex = 0; path = "libPods-SPURLRouter.a"; sourceTree = BUILT_PRODUCTS_DIR; };
/* End PBXFileReference section */

/* Begin PBXFrameworksBuildPhase section */
		1E9482702092099B00B5F82C /* Frameworks */ = {
			isa = PBXFrameworksBuildPhase;
			buildActionMask = 2147483647;
			files = (
				7B752C9777475AB0AF0B22CD /* libPods-SPURLRouter.a in Frameworks */,
			);
			runOnlyForDeploymentPostprocessing = 0;
		};
		1E9482882092099C00B5F82C /* Frameworks */ = {
			isa = PBXFrameworksBuildPhase;
			buildActionMask = 2147483647;
			files = (
			);
			runOnlyForDeploymentPostprocessing = 0;
		};
		1E9482932092099C00B5F82C /* Frameworks */ = {
			isa = PBXFrameworksBuildPhase;
			buildActionMask = 2147483647;
			files = (
			);
			runOnlyForDeploymentPostprocessing = 0;
		};
/* End PBXFrameworksBuildPhase section */

/* Begin PBXGroup section */
		1E94826A2092099B00B5F82C = {
			isa = PBXGroup;
			children = (
				1E9482752092099B00B5F82C /* SPURLRouter */,
				1E94828E2092099C00B5F82C /* SPURLRouterTests */,
				1E9482992092099C00B5F82C /* SPURLRouterUITests */,
				1E9482742092099B00B5F82C /* Products */,
				B4CA22D88C5EA0F4E078CD0F /* Pods */,
				B71EA0D1E2AF3749CE7ACDF0 /* Frameworks */,
			);
			sourceTree = "<group>";
		};
		1E9482742092099B00B5F82C /* Products */ = {
			isa = PBXGroup;
			children = (
				1E9482732092099B00B5F82C /* SPURLRouter.app */,
				1E94828B2092099C00B5F82C /* SPURLRouterTests.xctest */,
				1E9482962092099C00B5F82C /* SPURLRouterUITests.xctest */,
			);
			name = Products;
			sourceTree = "<group>";
		};
		1E9482752092099B00B5F82C /* SPURLRouter */ = {
			isa = PBXGroup;
			children = (
				1E9482AE20920DC300B5F82C /* User */,
				1E9482A820920B7400B5F82C /* SPURLRouter */,
				1E9482762092099B00B5F82C /* AppDelegate.h */,
				1E9482772092099B00B5F82C /* AppDelegate.m */,
				1E9482792092099C00B5F82C /* ViewController.h */,
				1E94827A2092099C00B5F82C /* ViewController.m */,
				1E94827C2092099C00B5F82C /* Main.storyboard */,
				1E94827F2092099C00B5F82C /* Assets.xcassets */,
				1E9482812092099C00B5F82C /* LaunchScreen.storyboard */,
				1E9482842092099C00B5F82C /* Info.plist */,
				1E9482852092099C00B5F82C /* main.m */,
			);
			path = SPURLRouter;
			sourceTree = "<group>";
		};
		1E94828E2092099C00B5F82C /* SPURLRouterTests */ = {
			isa = PBXGroup;
			children = (
				1E94828F2092099C00B5F82C /* SPURLRouterTests.m */,
				1E9482912092099C00B5F82C /* Info.plist */,
			);
			path = SPURLRouterTests;
			sourceTree = "<group>";
		};
		1E9482992092099C00B5F82C /* SPURLRouterUITests */ = {
			isa = PBXGroup;
			children = (
				1E94829A2092099C00B5F82C /* SPURLRouterUITests.m */,
				1E94829C2092099C00B5F82C /* Info.plist */,
			);
			path = SPURLRouterUITests;
			sourceTree = "<group>";
		};
		1E9482A820920B7400B5F82C /* SPURLRouter */ = {
			isa = PBXGroup;
			children = (
				1E9482AC20920DAB00B5F82C /* open_url.plist */,
				1E9482A920920B9F00B5F82C /* SPURLRouter.h */,
				1E9482AA20920B9F00B5F82C /* SPURLRouter.m */,
			);
			path = SPURLRouter;
			sourceTree = "<group>";
		};
		1E9482AE20920DC300B5F82C /* User */ = {
			isa = PBXGroup;
			children = (
				1E9482B220920DC300B5F82C /* SPUser.h */,
				1E9482B520920DC300B5F82C /* SPUser.m */,
				1E9482B320920DC300B5F82C /* LoginVC.h */,
				1E9482AF20920DC300B5F82C /* LoginVC.m */,
				1E9482B420920DC300B5F82C /* OldLoginVC.h */,
				1E9482B020920DC300B5F82C /* OldLoginVC.m */,
				1E9482B620920DC300B5F82C /* RegisterVC.h */,
				1E9482B120920DC300B5F82C /* RegisterVC.m */,
			);
			path = User;
			sourceTree = "<group>";
		};
		B4CA22D88C5EA0F4E078CD0F /* Pods */ = {
			isa = PBXGroup;
			children = (
				285732779A5B3BAA8D46AC57 /* Pods-SPURLRouter.debug.xcconfig */,
				52B26B9315D9DEDEE772876C /* Pods-SPURLRouter.release.xcconfig */,
			);
			name = Pods;
			sourceTree = "<group>";
		};
		B71EA0D1E2AF3749CE7ACDF0 /* Frameworks */ = {
			isa = PBXGroup;
			children = (
				5381215A441968A77FB33197 /* libPods-SPURLRouter.a */,
			);
			name = Frameworks;
			sourceTree = "<group>";
		};
/* End PBXGroup section */

/* Begin PBXNativeTarget section */
		1E9482722092099B00B5F82C /* SPURLRouter */ = {
			isa = PBXNativeTarget;
			buildConfigurationList = 1E94829F2092099C00B5F82C /* Build configuration list for PBXNativeTarget "SPURLRouter" */;
			buildPhases = (
				C92EACF17293AC37F9EE97E2 /* [CP] Check Pods Manifest.lock */,
				1E94826F2092099B00B5F82C /* Sources */,
				1E9482702092099B00B5F82C /* Frameworks */,
				1E9482712092099B00B5F82C /* Resources */,
				86B57644242230E682BBADF9 /* [CP] Embed Pods Frameworks */,
				57E17FC72EECFF03161F83B6 /* [CP] Copy Pods Resources */,
			);
			buildRules = (
			);
			dependencies = (
			);
			name = SPURLRouter;
			productName = SPURLRouter;
			productReference = 1E9482732092099B00B5F82C /* SPURLRouter.app */;
			productType = "com.apple.product-type.application";
		};
		1E94828A2092099C00B5F82C /* SPURLRouterTests */ = {
			isa = PBXNativeTarget;
			buildConfigurationList = 1E9482A22092099C00B5F82C /* Build configuration list for PBXNativeTarget "SPURLRouterTests" */;
			buildPhases = (
				1E9482872092099C00B5F82C /* Sources */,
				1E9482882092099C00B5F82C /* Frameworks */,
				1E9482892092099C00B5F82C /* Resources */,
			);
			buildRules = (
			);
			dependencies = (
				1E94828D2092099C00B5F82C /* PBXTargetDependency */,
			);
			name = SPURLRouterTests;
			productName = SPURLRouterTests;
			productReference = 1E94828B2092099C00B5F82C /* SPURLRouterTests.xctest */;
			productType = "com.apple.product-type.bundle.unit-test";
		};
		1E9482952092099C00B5F82C /* SPURLRouterUITests */ = {
			isa = PBXNativeTarget;
			buildConfigurationList = 1E9482A52092099C00B5F82C /* Build configuration list for PBXNativeTarget "SPURLRouterUITests" */;
			buildPhases = (
				1E9482922092099C00B5F82C /* Sources */,
				1E9482932092099C00B5F82C /* Frameworks */,
				1E9482942092099C00B5F82C /* Resources */,
			);
			buildRules = (
			);
			dependencies = (
				1E9482982092099C00B5F82C /* PBXTargetDependency */,
			);
			name = SPURLRouterUITests;
			productName = SPURLRouterUITests;
			productReference = 1E9482962092099C00B5F82C /* SPURLRouterUITests.xctest */;
			productType = "com.apple.product-type.bundle.ui-testing";
		};
/* End PBXNativeTarget section */

/* Begin PBXProject section */
		1E94826B2092099B00B5F82C /* Project object */ = {
			isa = PBXProject;
			attributes = {
				LastUpgradeCheck = 0920;
				ORGANIZATIONNAME = "lishiping copyright";
				TargetAttributes = {
					1E9482722092099B00B5F82C = {
						CreatedOnToolsVersion = 9.2;
						ProvisioningStyle = Automatic;
					};
					1E94828A2092099C00B5F82C = {
						CreatedOnToolsVersion = 9.2;
						ProvisioningStyle = Automatic;
						TestTargetID = 1E9482722092099B00B5F82C;
					};
					1E9482952092099C00B5F82C = {
						CreatedOnToolsVersion = 9.2;
						ProvisioningStyle = Automatic;
						TestTargetID = 1E9482722092099B00B5F82C;
					};
				};
			};
			buildConfigurationList = 1E94826E2092099B00B5F82C /* Build configuration list for PBXProject "SPURLRouter" */;
			compatibilityVersion = "Xcode 3.2";
			developmentRegion = en;
			hasScannedForEncodings = 0;
			knownRegions = (
				en,
				Base,
			);
			mainGroup = 1E94826A2092099B00B5F82C;
			productRefGroup = 1E9482742092099B00B5F82C /* Products */;
			projectDirPath = "";
			projectRoot = "";
			targets = (
				1E9482722092099B00B5F82C /* SPURLRouter */,
				1E94828A2092099C00B5F82C /* SPURLRouterTests */,
				1E9482952092099C00B5F82C /* SPURLRouterUITests */,
			);
		};
/* End PBXProject section */

/* Begin PBXResourcesBuildPhase section */
		1E9482712092099B00B5F82C /* Resources */ = {
			isa = PBXResourcesBuildPhase;
			buildActionMask = 2147483647;
			files = (
				1E9482AD20920DAB00B5F82C /* open_url.plist in Resources */,
				1E9482832092099C00B5F82C /* LaunchScreen.storyboard in Resources */,
				1E9482802092099C00B5F82C /* Assets.xcassets in Resources */,
				1E94827E2092099C00B5F82C /* Main.storyboard in Resources */,
			);
			runOnlyForDeploymentPostprocessing = 0;
		};
		1E9482892092099C00B5F82C /* Resources */ = {
			isa = PBXResourcesBuildPhase;
			buildActionMask = 2147483647;
			files = (
			);
			runOnlyForDeploymentPostprocessing = 0;
		};
		1E9482942092099C00B5F82C /* Resources */ = {
			isa = PBXResourcesBuildPhase;
			buildActionMask = 2147483647;
			files = (
			);
			runOnlyForDeploymentPostprocessing = 0;
		};
/* End PBXResourcesBuildPhase section */

/* Begin PBXShellScriptBuildPhase section */
		57E17FC72EECFF03161F83B6 /* [CP] Copy Pods Resources */ = {
			isa = PBXShellScriptBuildPhase;
			buildActionMask = 2147483647;
			files = (
			);
			inputPaths = (
			);
			name = "[CP] Copy Pods Resources";
			outputPaths = (
			);
			runOnlyForDeploymentPostprocessing = 0;
			shellPath = /bin/sh;
			shellScript = "\"${SRCROOT}/Pods/Target Support Files/Pods-SPURLRouter/Pods-SPURLRouter-resources.sh\"\n";
			showEnvVarsInLog = 0;
		};
		86B57644242230E682BBADF9 /* [CP] Embed Pods Frameworks */ = {
			isa = PBXShellScriptBuildPhase;
			buildActionMask = 2147483647;
			files = (
			);
			inputPaths = (
			);
			name = "[CP] Embed Pods Frameworks";
			outputPaths = (
			);
			runOnlyForDeploymentPostprocessing = 0;
			shellPath = /bin/sh;
			shellScript = "\"${SRCROOT}/Pods/Target Support Files/Pods-SPURLRouter/Pods-SPURLRouter-frameworks.sh\"\n";
			showEnvVarsInLog = 0;
		};
		C92EACF17293AC37F9EE97E2 /* [CP] Check Pods Manifest.lock */ = {
			isa = PBXShellScriptBuildPhase;
			buildActionMask = 2147483647;
			files = (
			);
			inputPaths = (
			);
			name = "[CP] Check Pods Manifest.lock";
			outputPaths = (
			);
			runOnlyForDeploymentPostprocessing = 0;
			shellPath = /bin/sh;
			shellScript = "diff \"${PODS_ROOT}/../Podfile.lock\" \"${PODS_ROOT}/Manifest.lock\" > /dev/null\nif [ $? != 0 ] ; then\n    # print error to STDERR\n    echo \"error: The sandbox is not in sync with the Podfile.lock. Run 'pod install' or update your CocoaPods installation.\" >&2\n    exit 1\nfi\n";
			showEnvVarsInLog = 0;
		};
/* End PBXShellScriptBuildPhase section */

/* Begin PBXSourcesBuildPhase section */
		1E94826F2092099B00B5F82C /* Sources */ = {
			isa = PBXSourcesBuildPhase;
			buildActionMask = 2147483647;
			files = (
				1E94827B2092099C00B5F82C /* ViewController.m in Sources */,
				1E9482862092099C00B5F82C /* main.m in Sources */,
				1E9482B920920DC300B5F82C /* RegisterVC.m in Sources */,
				1E9482B720920DC300B5F82C /* LoginVC.m in Sources */,
				1E9482AB20920B9F00B5F82C /* SPURLRouter.m in Sources */,
				1E9482BA20920DC300B5F82C /* SPUser.m in Sources */,
				1E9482B820920DC300B5F82C /* OldLoginVC.m in Sources */,
				1E9482782092099B00B5F82C /* AppDelegate.m in Sources */,
			);
			runOnlyForDeploymentPostprocessing = 0;
		};
		1E9482872092099C00B5F82C /* Sources */ = {
			isa = PBXSourcesBuildPhase;
			buildActionMask = 2147483647;
			files = (
				1E9482902092099C00B5F82C /* SPURLRouterTests.m in Sources */,
			);
			runOnlyForDeploymentPostprocessing = 0;
		};
		1E9482922092099C00B5F82C /* Sources */ = {
			isa = PBXSourcesBuildPhase;
			buildActionMask = 2147483647;
			files = (
				1E94829B2092099C00B5F82C /* SPURLRouterUITests.m in Sources */,
			);
			runOnlyForDeploymentPostprocessing = 0;
		};
/* End PBXSourcesBuildPhase section */

/* Begin PBXTargetDependency section */
		1E94828D2092099C00B5F82C /* PBXTargetDependency */ = {
			isa = PBXTargetDependency;
			target = 1E9482722092099B00B5F82C /* SPURLRouter */;
			targetProxy = 1E94828C2092099C00B5F82C /* PBXContainerItemProxy */;
		};
		1E9482982092099C00B5F82C /* PBXTargetDependency */ = {
			isa = PBXTargetDependency;
			target = 1E9482722092099B00B5F82C /* SPURLRouter */;
			targetProxy = 1E9482972092099C00B5F82C /* PBXContainerItemProxy */;
		};
/* End PBXTargetDependency section */

/* Begin PBXVariantGroup section */
		1E94827C2092099C00B5F82C /* Main.storyboard */ = {
			isa = PBXVariantGroup;
			children = (
				1E94827D2092099C00B5F82C /* Base */,
			);
			name = Main.storyboard;
			sourceTree = "<group>";
		};
		1E9482812092099C00B5F82C /* LaunchScreen.storyboard */ = {
			isa = PBXVariantGroup;
			children = (
				1E9482822092099C00B5F82C /* Base */,
			);
			name = LaunchScreen.storyboard;
			sourceTree = "<group>";
		};
/* End PBXVariantGroup section */

/* Begin XCBuildConfiguration section */
		1E94829D2092099C00B5F82C /* Debug */ = {
			isa = XCBuildConfiguration;
			buildSettings = {
				ALWAYS_SEARCH_USER_PATHS = NO;
				CLANG_ANALYZER_NONNULL = YES;
				CLANG_ANALYZER_NUMBER_OBJECT_CONVERSION = YES_AGGRESSIVE;
				CLANG_CXX_LANGUAGE_STANDARD = "gnu++14";
				CLANG_CXX_LIBRARY = "libc++";
				CLANG_ENABLE_MODULES = YES;
				CLANG_ENABLE_OBJC_ARC = YES;
				CLANG_WARN_BLOCK_CAPTURE_AUTORELEASING = YES;
				CLANG_WARN_BOOL_CONVERSION = YES;
				CLANG_WARN_COMMA = YES;
				CLANG_WARN_CONSTANT_CONVERSION = YES;
				CLANG_WARN_DIRECT_OBJC_ISA_USAGE = YES_ERROR;
				CLANG_WARN_DOCUMENTATION_COMMENTS = YES;
				CLANG_WARN_EMPTY_BODY = YES;
				CLANG_WARN_ENUM_CONVERSION = YES;
				CLANG_WARN_INFINITE_RECURSION = YES;
				CLANG_WARN_INT_CONVERSION = YES;
				CLANG_WARN_NON_LITERAL_NULL_CONVERSION = YES;
				CLANG_WARN_OBJC_LITERAL_CONVERSION = YES;
				CLANG_WARN_OBJC_ROOT_CLASS = YES_ERROR;
				CLANG_WARN_RANGE_LOOP_ANALYSIS = YES;
				CLANG_WARN_STRICT_PROTOTYPES = YES;
				CLANG_WARN_SUSPICIOUS_MOVE = YES;
				CLANG_WARN_UNGUARDED_AVAILABILITY = YES_AGGRESSIVE;
				CLANG_WARN_UNREACHABLE_CODE = YES;
				CLANG_WARN__DUPLICATE_METHOD_MATCH = YES;
				CODE_SIGN_IDENTITY = "iPhone Developer";
				COPY_PHASE_STRIP = NO;
				DEBUG_INFORMATION_FORMAT = dwarf;
				ENABLE_STRICT_OBJC_MSGSEND = YES;
				ENABLE_TESTABILITY = YES;
				GCC_C_LANGUAGE_STANDARD = gnu11;
				GCC_DYNAMIC_NO_PIC = NO;
				GCC_NO_COMMON_BLOCKS = YES;
				GCC_OPTIMIZATION_LEVEL = 0;
				GCC_PREPROCESSOR_DEFINITIONS = (
					"DEBUG=1",
					"$(inherited)",
				);
				GCC_WARN_64_TO_32_BIT_CONVERSION = YES;
				GCC_WARN_ABOUT_RETURN_TYPE = YES_ERROR;
				GCC_WARN_UNDECLARED_SELECTOR = YES;
				GCC_WARN_UNINITIALIZED_AUTOS = YES_AGGRESSIVE;
				GCC_WARN_UNUSED_FUNCTION = YES;
				GCC_WARN_UNUSED_VARIABLE = YES;
				IPHONEOS_DEPLOYMENT_TARGET = 7.0;
				MTL_ENABLE_DEBUG_INFO = YES;
				ONLY_ACTIVE_ARCH = YES;
				SDKROOT = iphoneos;
			};
			name = Debug;
		};
		1E94829E2092099C00B5F82C /* Release */ = {
			isa = XCBuildConfiguration;
			buildSettings = {
				ALWAYS_SEARCH_USER_PATHS = NO;
				CLANG_ANALYZER_NONNULL = YES;
				CLANG_ANALYZER_NUMBER_OBJECT_CONVERSION = YES_AGGRESSIVE;
				CLANG_CXX_LANGUAGE_STANDARD = "gnu++14";
				CLANG_CXX_LIBRARY = "libc++";
				CLANG_ENABLE_MODULES = YES;
				CLANG_ENABLE_OBJC_ARC = YES;
				CLANG_WARN_BLOCK_CAPTURE_AUTORELEASING = YES;
				CLANG_WARN_BOOL_CONVERSION = YES;
				CLANG_WARN_COMMA = YES;
				CLANG_WARN_CONSTANT_CONVERSION = YES;
				CLANG_WARN_DIRECT_OBJC_ISA_USAGE = YES_ERROR;
				CLANG_WARN_DOCUMENTATION_COMMENTS = YES;
				CLANG_WARN_EMPTY_BODY = YES;
				CLANG_WARN_ENUM_CONVERSION = YES;
				CLANG_WARN_INFINITE_RECURSION = YES;
				CLANG_WARN_INT_CONVERSION = YES;
				CLANG_WARN_NON_LITERAL_NULL_CONVERSION = YES;
				CLANG_WARN_OBJC_LITERAL_CONVERSION = YES;
				CLANG_WARN_OBJC_ROOT_CLASS = YES_ERROR;
				CLANG_WARN_RANGE_LOOP_ANALYSIS = YES;
				CLANG_WARN_STRICT_PROTOTYPES = YES;
				CLANG_WARN_SUSPICIOUS_MOVE = YES;
				CLANG_WARN_UNGUARDED_AVAILABILITY = YES_AGGRESSIVE;
				CLANG_WARN_UNREACHABLE_CODE = YES;
				CLANG_WARN__DUPLICATE_METHOD_MATCH = YES;
				CODE_SIGN_IDENTITY = "iPhone Developer";
				COPY_PHASE_STRIP = NO;
				DEBUG_INFORMATION_FORMAT = "dwarf-with-dsym";
				ENABLE_NS_ASSERTIONS = NO;
				ENABLE_STRICT_OBJC_MSGSEND = YES;
				GCC_C_LANGUAGE_STANDARD = gnu11;
				GCC_NO_COMMON_BLOCKS = YES;
				GCC_WARN_64_TO_32_BIT_CONVERSION = YES;
				GCC_WARN_ABOUT_RETURN_TYPE = YES_ERROR;
				GCC_WARN_UNDECLARED_SELECTOR = YES;
				GCC_WARN_UNINITIALIZED_AUTOS = YES_AGGRESSIVE;
				GCC_WARN_UNUSED_FUNCTION = YES;
				GCC_WARN_UNUSED_VARIABLE = YES;
				IPHONEOS_DEPLOYMENT_TARGET = 7.0;
				MTL_ENABLE_DEBUG_INFO = NO;
				SDKROOT = iphoneos;
				VALIDATE_PRODUCT = YES;
			};
			name = Release;
		};
		1E9482A02092099C00B5F82C /* Debug */ = {
			isa = XCBuildConfiguration;
			baseConfigurationReference = 285732779A5B3BAA8D46AC57 /* Pods-SPURLRouter.debug.xcconfig */;
			buildSettings = {
				ASSETCATALOG_COMPILER_APPICON_NAME = AppIcon;
				CODE_SIGN_STYLE = Automatic;
				INFOPLIST_FILE = SPURLRouter/Info.plist;
				IPHONEOS_DEPLOYMENT_TARGET = 9.0;
				LD_RUNPATH_SEARCH_PATHS = "$(inherited) @executable_path/Frameworks";
				PRODUCT_BUNDLE_IDENTIFIER = lishiping.SPURLRouter;
				PRODUCT_NAME = "$(TARGET_NAME)";
				TARGETED_DEVICE_FAMILY = "1,2";
			};
			name = Debug;
		};
		1E9482A12092099C00B5F82C /* Release */ = {
			isa = XCBuildConfiguration;
			baseConfigurationReference = 52B26B9315D9DEDEE772876C /* Pods-SPURLRouter.release.xcconfig */;
			buildSettings = {
				ASSETCATALOG_COMPILER_APPICON_NAME = AppIcon;
				CODE_SIGN_STYLE = Automatic;
				INFOPLIST_FILE = SPURLRouter/Info.plist;
				IPHONEOS_DEPLOYMENT_TARGET = 9.0;
				LD_RUNPATH_SEARCH_PATHS = "$(inherited) @executable_path/Frameworks";
				PRODUCT_BUNDLE_IDENTIFIER = lishiping.SPURLRouter;
				PRODUCT_NAME = "$(TARGET_NAME)";
				TARGETED_DEVICE_FAMILY = "1,2";
			};
			name = Release;
		};
		1E9482A32092099C00B5F82C /* Debug */ = {
			isa = XCBuildConfiguration;
			buildSettings = {
				BUNDLE_LOADER = "$(TEST_HOST)";
				CODE_SIGN_STYLE = Automatic;
				INFOPLIST_FILE = SPURLRouterTests/Info.plist;
				LD_RUNPATH_SEARCH_PATHS = "$(inherited) @executable_path/Frameworks @loader_path/Frameworks";
				PRODUCT_BUNDLE_IDENTIFIER = lishiping.SPURLRouterTests;
				PRODUCT_NAME = "$(TARGET_NAME)";
				TARGETED_DEVICE_FAMILY = "1,2";
				TEST_HOST = "$(BUILT_PRODUCTS_DIR)/SPURLRouter.app/SPURLRouter";
			};
			name = Debug;
		};
		1E9482A42092099C00B5F82C /* Release */ = {
			isa = XCBuildConfiguration;
			buildSettings = {
				BUNDLE_LOADER = "$(TEST_HOST)";
				CODE_SIGN_STYLE = Automatic;
				INFOPLIST_FILE = SPURLRouterTests/Info.plist;
				LD_RUNPATH_SEARCH_PATHS = "$(inherited) @executable_path/Frameworks @loader_path/Frameworks";
				PRODUCT_BUNDLE_IDENTIFIER = lishiping.SPURLRouterTests;
				PRODUCT_NAME = "$(TARGET_NAME)";
				TARGETED_DEVICE_FAMILY = "1,2";
				TEST_HOST = "$(BUILT_PRODUCTS_DIR)/SPURLRouter.app/SPURLRouter";
			};
			name = Release;
		};
		1E9482A62092099C00B5F82C /* Debug */ = {
			isa = XCBuildConfiguration;
			buildSettings = {
				CODE_SIGN_STYLE = Automatic;
				INFOPLIST_FILE = SPURLRouterUITests/Info.plist;
				LD_RUNPATH_SEARCH_PATHS = "$(inherited) @executable_path/Frameworks @loader_path/Frameworks";
				PRODUCT_BUNDLE_IDENTIFIER = lishiping.SPURLRouterUITests;
				PRODUCT_NAME = "$(TARGET_NAME)";
				TARGETED_DEVICE_FAMILY = "1,2";
				TEST_TARGET_NAME = SPURLRouter;
			};
			name = Debug;
		};
		1E9482A72092099C00B5F82C /* Release */ = {
			isa = XCBuildConfiguration;
			buildSettings = {
				CODE_SIGN_STYLE = Automatic;
				INFOPLIST_FILE = SPURLRouterUITests/Info.plist;
				LD_RUNPATH_SEARCH_PATHS = "$(inherited) @executable_path/Frameworks @loader_path/Frameworks";
				PRODUCT_BUNDLE_IDENTIFIER = lishiping.SPURLRouterUITests;
				PRODUCT_NAME = "$(TARGET_NAME)";
				TARGETED_DEVICE_FAMILY = "1,2";
				TEST_TARGET_NAME = SPURLRouter;
			};
			name = Release;
		};
/* End XCBuildConfiguration section */

/* Begin XCConfigurationList section */
		1E94826E2092099B00B5F82C /* Build configuration list for PBXProject "SPURLRouter" */ = {
			isa = XCConfigurationList;
			buildConfigurations = (
				1E94829D2092099C00B5F82C /* Debug */,
				1E94829E2092099C00B5F82C /* Release */,
			);
			defaultConfigurationIsVisible = 0;
			defaultConfigurationName = Release;
		};
		1E94829F2092099C00B5F82C /* Build configuration list for PBXNativeTarget "SPURLRouter" */ = {
			isa = XCConfigurationList;
			buildConfigurations = (
				1E9482A02092099C00B5F82C /* Debug */,
				1E9482A12092099C00B5F82C /* Release */,
			);
			defaultConfigurationIsVisible = 0;
			defaultConfigurationName = Release;
		};
		1E9482A22092099C00B5F82C /* Build configuration list for PBXNativeTarget "SPURLRouterTests" */ = {
			isa = XCConfigurationList;
			buildConfigurations = (
				1E9482A32092099C00B5F82C /* Debug */,
				1E9482A42092099C00B5F82C /* Release */,
			);
			defaultConfigurationIsVisible = 0;
			defaultConfigurationName = Release;
		};
		1E9482A52092099C00B5F82C /* Build configuration list for PBXNativeTarget "SPURLRouterUITests" */ = {
			isa = XCConfigurationList;
			buildConfigurations = (
				1E9482A62092099C00B5F82C /* Debug */,
				1E9482A72092099C00B5F82C /* Release */,
			);
			defaultConfigurationIsVisible = 0;
			defaultConfigurationName = Release;
		};
/* End XCConfigurationList section */
	};
	rootObject = 1E94826B2092099B00B5F82C /* Project object */;
}
